// !$*UTF8*$!
{
	archiveVersion = 1;
	classes = {
	};
	objectVersion = 51;
	objects = {

/* Begin PBXBuildFile section */
		05F5E5EF5E9DA0732047869B /* Pods_InstagramCloneApp.framework in Frameworks */ = {isa = PBXBuildFile; fileRef = DF0A3B45A58ADB213D7D1655 /* Pods_InstagramCloneApp.framework */; };
		B409B0AA268E320A0082C593 /* GoogleService-Info.plist in Resources */ = {isa = PBXBuildFile; fileRef = B409B0A9268E320A0082C593 /* GoogleService-Info.plist */; };
		B418C84426975F53000C8600 /* Extension.swift in Sources */ = {isa = PBXBuildFile; fileRef = B418C84326975F53000C8600 /* Extension.swift */; };
		B43EFE23268CCF060077EC41 /* AppDelegate.swift in Sources */ = {isa = PBXBuildFile; fileRef = B43EFE22268CCF060077EC41 /* AppDelegate.swift */; };
		B43EFE25268CCF060077EC41 /* SceneDelegate.swift in Sources */ = {isa = PBXBuildFile; fileRef = B43EFE24268CCF060077EC41 /* SceneDelegate.swift */; };
		B43EFE27268CCF060077EC41 /* HomeViewController.swift in Sources */ = {isa = PBXBuildFile; fileRef = B43EFE26268CCF060077EC41 /* HomeViewController.swift */; };
		B43EFE2A268CCF060077EC41 /* Main.storyboard in Resources */ = {isa = PBXBuildFile; fileRef = B43EFE28268CCF060077EC41 /* Main.storyboard */; };
		B43EFE2C268CCF060077EC41 /* Assets.xcassets in Resources */ = {isa = PBXBuildFile; fileRef = B43EFE2B268CCF060077EC41 /* Assets.xcassets */; };
		B43EFE2F268CCF060077EC41 /* LaunchScreen.storyboard in Resources */ = {isa = PBXBuildFile; fileRef = B43EFE2D268CCF060077EC41 /* LaunchScreen.storyboard */; };
		B43EFE3C268CD0C60077EC41 /* ExploreViewController.swift in Sources */ = {isa = PBXBuildFile; fileRef = B43EFE3B268CD0C60077EC41 /* ExploreViewController.swift */; };
		B43EFE3E268CD0E60077EC41 /* CameraViewController.swift in Sources */ = {isa = PBXBuildFile; fileRef = B43EFE3D268CD0E60077EC41 /* CameraViewController.swift */; };
		B43EFE40268CD0F80077EC41 /* NotificationsViewController.swift in Sources */ = {isa = PBXBuildFile; fileRef = B43EFE3F268CD0F80077EC41 /* NotificationsViewController.swift */; };
		B43EFE42268CD1050077EC41 /* ProfileViewController.swift in Sources */ = {isa = PBXBuildFile; fileRef = B43EFE41268CD1050077EC41 /* ProfileViewController.swift */; };
		B43EFE49268CD24D0077EC41 /* LoginViewController.swift in Sources */ = {isa = PBXBuildFile; fileRef = B43EFE48268CD24D0077EC41 /* LoginViewController.swift */; };
		B43EFE4B268CD25B0077EC41 /* RegistrationViewController.swift in Sources */ = {isa = PBXBuildFile; fileRef = B43EFE4A268CD25B0077EC41 /* RegistrationViewController.swift */; };
		B43EFE4D268CD29B0077EC41 /* PostViewController.swift in Sources */ = {isa = PBXBuildFile; fileRef = B43EFE4C268CD29B0077EC41 /* PostViewController.swift */; };
		B43EFE4F268CD2C90077EC41 /* EditProfileViewController.swift in Sources */ = {isa = PBXBuildFile; fileRef = B43EFE4E268CD2C90077EC41 /* EditProfileViewController.swift */; };
		B43EFE51268CD2DA0077EC41 /* SettingsViewController.swift in Sources */ = {isa = PBXBuildFile; fileRef = B43EFE50268CD2DA0077EC41 /* SettingsViewController.swift */; };
		B43EFE53268CD3590077EC41 /* SearchViewController.swift in Sources */ = {isa = PBXBuildFile; fileRef = B43EFE52268CD3590077EC41 /* SearchViewController.swift */; };
		B43EFE55268CD3710077EC41 /* ListViewController.swift in Sources */ = {isa = PBXBuildFile; fileRef = B43EFE54268CD3710077EC41 /* ListViewController.swift */; };
		B43EFE57268CD3CA0077EC41 /* PublishPostViewController.swift in Sources */ = {isa = PBXBuildFile; fileRef = B43EFE56268CD3CA0077EC41 /* PublishPostViewController.swift */; };
		B43EFE59268CD3DA0077EC41 /* PostEditorViewController.swift in Sources */ = {isa = PBXBuildFile; fileRef = B43EFE58268CD3DA0077EC41 /* PostEditorViewController.swift */; };
		B4936B8A269B5F88003B34BA /* IGFeedPostHeaderTableViewCell.swift in Sources */ = {isa = PBXBuildFile; fileRef = B4936B89269B5F88003B34BA /* IGFeedPostHeaderTableViewCell.swift */; };
		B4936B8C269B5FB4003B34BA /* IGFeedPostActionsTableViewCell.swift in Sources */ = {isa = PBXBuildFile; fileRef = B4936B8B269B5FB4003B34BA /* IGFeedPostActionsTableViewCell.swift */; };
		B4936B8F269B6015003B34BA /* IGFeedPostGeneralTableViewCell.swift in Sources */ = {isa = PBXBuildFile; fileRef = B4936B8E269B6015003B34BA /* IGFeedPostGeneralTableViewCell.swift */; };
		B4991084269A844600165723 /* IGPostTableViewCell.swift in Sources */ = {isa = PBXBuildFile; fileRef = B4991083269A844600165723 /* IGPostTableViewCell.swift */; };
		B4A7731D268F670200A347E0 /* DatabaseManager.swift in Sources */ = {isa = PBXBuildFile; fileRef = B4A7731C268F670200A347E0 /* DatabaseManager.swift */; };
		B4A7731F268F6D3700A347E0 /* AuthManager.swift in Sources */ = {isa = PBXBuildFile; fileRef = B4A7731E268F6D3700A347E0 /* AuthManager.swift */; };
		B4A77321268F6D8900A347E0 /* StorageManager.swift in Sources */ = {isa = PBXBuildFile; fileRef = B4A77320268F6D8900A347E0 /* StorageManager.swift */; };
/* End PBXBuildFile section */

/* Begin PBXFileReference section */
		425713C8003FA563CC710866 /* Pods-InstagramCloneApp.release.xcconfig */ = {isa = PBXFileReference; includeInIndex = 1; lastKnownFileType = text.xcconfig; name = "Pods-InstagramCloneApp.release.xcconfig"; path = "Target Support Files/Pods-InstagramCloneApp/Pods-InstagramCloneApp.release.xcconfig"; sourceTree = "<group>"; };
		B122A8874E85644FE9E6A25B /* Pods-InstagramCloneApp.debug.xcconfig */ = {isa = PBXFileReference; includeInIndex = 1; lastKnownFileType = text.xcconfig; name = "Pods-InstagramCloneApp.debug.xcconfig"; path = "Target Support Files/Pods-InstagramCloneApp/Pods-InstagramCloneApp.debug.xcconfig"; sourceTree = "<group>"; };
		B409B0A9268E320A0082C593 /* GoogleService-Info.plist */ = {isa = PBXFileReference; fileEncoding = 4; lastKnownFileType = text.plist.xml; path = "GoogleService-Info.plist"; sourceTree = "<group>"; };
		B418C84326975F53000C8600 /* Extension.swift */ = {isa = PBXFileReference; lastKnownFileType = sourcecode.swift; path = Extension.swift; sourceTree = "<group>"; };
		B43EFE1F268CCF060077EC41 /* InstagramCloneApp.app */ = {isa = PBXFileReference; explicitFileType = wrapper.application; includeInIndex = 0; path = InstagramCloneApp.app; sourceTree = BUILT_PRODUCTS_DIR; };
		B43EFE22268CCF060077EC41 /* AppDelegate.swift */ = {isa = PBXFileReference; lastKnownFileType = sourcecode.swift; path = AppDelegate.swift; sourceTree = "<group>"; };
		B43EFE24268CCF060077EC41 /* SceneDelegate.swift */ = {isa = PBXFileReference; lastKnownFileType = sourcecode.swift; path = SceneDelegate.swift; sourceTree = "<group>"; };
		B43EFE26268CCF060077EC41 /* HomeViewController.swift */ = {isa = PBXFileReference; lastKnownFileType = sourcecode.swift; path = HomeViewController.swift; sourceTree = "<group>"; };
		B43EFE29268CCF060077EC41 /* Base */ = {isa = PBXFileReference; lastKnownFileType = file.storyboard; name = Base; path = Base.lproj/Main.storyboard; sourceTree = "<group>"; };
		B43EFE2B268CCF060077EC41 /* Assets.xcassets */ = {isa = PBXFileReference; lastKnownFileType = folder.assetcatalog; path = Assets.xcassets; sourceTree = "<group>"; };
		B43EFE2E268CCF060077EC41 /* Base */ = {isa = PBXFileReference; lastKnownFileType = file.storyboard; name = Base; path = Base.lproj/LaunchScreen.storyboard; sourceTree = "<group>"; };
		B43EFE30268CCF060077EC41 /* Info.plist */ = {isa = PBXFileReference; lastKnownFileType = text.plist.xml; path = Info.plist; sourceTree = "<group>"; };
		B43EFE3B268CD0C60077EC41 /* ExploreViewController.swift */ = {isa = PBXFileReference; lastKnownFileType = sourcecode.swift; path = ExploreViewController.swift; sourceTree = "<group>"; };
		B43EFE3D268CD0E60077EC41 /* CameraViewController.swift */ = {isa = PBXFileReference; lastKnownFileType = sourcecode.swift; path = CameraViewController.swift; sourceTree = "<group>"; };
		B43EFE3F268CD0F80077EC41 /* NotificationsViewController.swift */ = {isa = PBXFileReference; lastKnownFileType = sourcecode.swift; path = NotificationsViewController.swift; sourceTree = "<group>"; };
		B43EFE41268CD1050077EC41 /* ProfileViewController.swift */ = {isa = PBXFileReference; lastKnownFileType = sourcecode.swift; path = ProfileViewController.swift; sourceTree = "<group>"; };
		B43EFE48268CD24D0077EC41 /* LoginViewController.swift */ = {isa = PBXFileReference; lastKnownFileType = sourcecode.swift; path = LoginViewController.swift; sourceTree = "<group>"; };
		B43EFE4A268CD25B0077EC41 /* RegistrationViewController.swift */ = {isa = PBXFileReference; lastKnownFileType = sourcecode.swift; path = RegistrationViewController.swift; sourceTree = "<group>"; };
		B43EFE4C268CD29B0077EC41 /* PostViewController.swift */ = {isa = PBXFileReference; lastKnownFileType = sourcecode.swift; path = PostViewController.swift; sourceTree = "<group>"; };
		B43EFE4E268CD2C90077EC41 /* EditProfileViewController.swift */ = {isa = PBXFileReference; lastKnownFileType = sourcecode.swift; path = EditProfileViewController.swift; sourceTree = "<group>"; };
		B43EFE50268CD2DA0077EC41 /* SettingsViewController.swift */ = {isa = PBXFileReference; lastKnownFileType = sourcecode.swift; path = SettingsViewController.swift; sourceTree = "<group>"; };
		B43EFE52268CD3590077EC41 /* SearchViewController.swift */ = {isa = PBXFileReference; lastKnownFileType = sourcecode.swift; path = SearchViewController.swift; sourceTree = "<group>"; };
		B43EFE54268CD3710077EC41 /* ListViewController.swift */ = {isa = PBXFileReference; lastKnownFileType = sourcecode.swift; path = ListViewController.swift; sourceTree = "<group>"; };
		B43EFE56268CD3CA0077EC41 /* PublishPostViewController.swift */ = {isa = PBXFileReference; lastKnownFileType = sourcecode.swift; path = PublishPostViewController.swift; sourceTree = "<group>"; };
		B43EFE58268CD3DA0077EC41 /* PostEditorViewController.swift */ = {isa = PBXFileReference; lastKnownFileType = sourcecode.swift; path = PostEditorViewController.swift; sourceTree = "<group>"; };
		B4936B89269B5F88003B34BA /* IGFeedPostHeaderTableViewCell.swift */ = {isa = PBXFileReference; lastKnownFileType = sourcecode.swift; path = IGFeedPostHeaderTableViewCell.swift; sourceTree = "<group>"; };
		B4936B8B269B5FB4003B34BA /* IGFeedPostActionsTableViewCell.swift */ = {isa = PBXFileReference; lastKnownFileType = sourcecode.swift; path = IGFeedPostActionsTableViewCell.swift; sourceTree = "<group>"; };
		B4936B8E269B6015003B34BA /* IGFeedPostGeneralTableViewCell.swift */ = {isa = PBXFileReference; lastKnownFileType = sourcecode.swift; path = IGFeedPostGeneralTableViewCell.swift; sourceTree = "<group>"; };
		B4991083269A844600165723 /* IGPostTableViewCell.swift */ = {isa = PBXFileReference; lastKnownFileType = sourcecode.swift; path = IGPostTableViewCell.swift; sourceTree = "<group>"; };
		B4A7731C268F670200A347E0 /* DatabaseManager.swift */ = {isa = PBXFileReference; lastKnownFileType = sourcecode.swift; path = DatabaseManager.swift; sourceTree = "<group>"; };
		B4A7731E268F6D3700A347E0 /* AuthManager.swift */ = {isa = PBXFileReference; lastKnownFileType = sourcecode.swift; path = AuthManager.swift; sourceTree = "<group>"; };
		B4A77320268F6D8900A347E0 /* StorageManager.swift */ = {isa = PBXFileReference; lastKnownFileType = sourcecode.swift; path = StorageManager.swift; sourceTree = "<group>"; };
		DF0A3B45A58ADB213D7D1655 /* Pods_InstagramCloneApp.framework */ = {isa = PBXFileReference; explicitFileType = wrapper.framework; includeInIndex = 0; path = Pods_InstagramCloneApp.framework; sourceTree = BUILT_PRODUCTS_DIR; };
/* End PBXFileReference section */

/* Begin PBXFrameworksBuildPhase section */
		B43EFE1C268CCF060077EC41 /* Frameworks */ = {
			isa = PBXFrameworksBuildPhase;
			buildActionMask = 2147483647;
			files = (
				05F5E5EF5E9DA0732047869B /* Pods_InstagramCloneApp.framework in Frameworks */,
			);
			runOnlyForDeploymentPostprocessing = 0;
		};
/* End PBXFrameworksBuildPhase section */

/* Begin PBXGroup section */
		39D356F76C3E7360880A8CB4 /* Frameworks */ = {
			isa = PBXGroup;
			children = (
				DF0A3B45A58ADB213D7D1655 /* Pods_InstagramCloneApp.framework */,
			);
			name = Frameworks;
			sourceTree = "<group>";
		};
		B43EFE16268CCF060077EC41 = {
			isa = PBXGroup;
			children = (
				B43EFE21268CCF060077EC41 /* InstagramCloneApp */,
				B43EFE20268CCF060077EC41 /* Products */,
				D9F65E3B37AF70E2FB900340 /* Pods */,
				39D356F76C3E7360880A8CB4 /* Frameworks */,
			);
			sourceTree = "<group>";
		};
		B43EFE20268CCF060077EC41 /* Products */ = {
			isa = PBXGroup;
			children = (
				B43EFE1F268CCF060077EC41 /* InstagramCloneApp.app */,
			);
			name = Products;
			sourceTree = "<group>";
		};
		B43EFE21268CCF060077EC41 /* InstagramCloneApp */ = {
			isa = PBXGroup;
			children = (
				B4936B88269A8D2A003B34BA /* Models */,
				B43EFE37268CCF9C0077EC41 /* Views */,
				B43EFE38268CCFAC0077EC41 /* Controllers */,
				B43EFE39268CCFB80077EC41 /* Resources */,
				B43EFE30268CCF060077EC41 /* Info.plist */,
			);
			path = InstagramCloneApp;
			sourceTree = "<group>";
		};
		B43EFE37268CCF9C0077EC41 /* Views */ = {
			isa = PBXGroup;
			children = (
				B4991082269A841500165723 /* Cells */,
				B43EFE2B268CCF060077EC41 /* Assets.xcassets */,
				B43EFE3A268CCFFF0077EC41 /* Storyboards */,
			);
			path = Views;
			sourceTree = "<group>";
		};
		B43EFE38268CCFAC0077EC41 /* Controllers */ = {
			isa = PBXGroup;
			children = (
				B43EFE46268CD2200077EC41 /* Other */,
				B43EFE43268CD1A20077EC41 /* Core Tabs */,
			);
			path = Controllers;
			sourceTree = "<group>";
		};
		B43EFE39268CCFB80077EC41 /* Resources */ = {
			isa = PBXGroup;
			children = (
				B43EFE22268CCF060077EC41 /* AppDelegate.swift */,
				B43EFE24268CCF060077EC41 /* SceneDelegate.swift */,
				B409B0A9268E320A0082C593 /* GoogleService-Info.plist */,
				B4A7731C268F670200A347E0 /* DatabaseManager.swift */,
				B4A7731E268F6D3700A347E0 /* AuthManager.swift */,
				B4A77320268F6D8900A347E0 /* StorageManager.swift */,
				B418C84326975F53000C8600 /* Extension.swift */,
			);
			path = Resources;
			sourceTree = "<group>";
		};
		B43EFE3A268CCFFF0077EC41 /* Storyboards */ = {
			isa = PBXGroup;
			children = (
				B43EFE2D268CCF060077EC41 /* LaunchScreen.storyboard */,
				B43EFE28268CCF060077EC41 /* Main.storyboard */,
			);
			path = Storyboards;
			sourceTree = "<group>";
		};
		B43EFE43268CD1A20077EC41 /* Core Tabs */ = {
			isa = PBXGroup;
			children = (
				B43EFE26268CCF060077EC41 /* HomeViewController.swift */,
				B43EFE3B268CD0C60077EC41 /* ExploreViewController.swift */,
				B43EFE3D268CD0E60077EC41 /* CameraViewController.swift */,
				B43EFE3F268CD0F80077EC41 /* NotificationsViewController.swift */,
				B43EFE41268CD1050077EC41 /* ProfileViewController.swift */,
			);
			path = "Core Tabs";
			sourceTree = "<group>";
		};
		B43EFE46268CD2200077EC41 /* Other */ = {
			isa = PBXGroup;
			children = (
				B43EFE47268CD2330077EC41 /* Onboarding */,
				B4A7731B268E46E100A347E0 /* General */,
			);
			path = Other;
			sourceTree = "<group>";
		};
		B43EFE47268CD2330077EC41 /* Onboarding */ = {
			isa = PBXGroup;
			children = (
				B43EFE48268CD24D0077EC41 /* LoginViewController.swift */,
				B43EFE4A268CD25B0077EC41 /* RegistrationViewController.swift */,
			);
			path = Onboarding;
			sourceTree = "<group>";
		};
		B4936B88269A8D2A003B34BA /* Models */ = {
			isa = PBXGroup;
			children = (
			);
			path = Models;
			sourceTree = "<group>";
		};
		B4936B8D269B5FD4003B34BA /* Home Feed */ = {
			isa = PBXGroup;
			children = (
				B4991083269A844600165723 /* IGPostTableViewCell.swift */,
				B4936B89269B5F88003B34BA /* IGFeedPostHeaderTableViewCell.swift */,
				B4936B8B269B5FB4003B34BA /* IGFeedPostActionsTableViewCell.swift */,
				B4936B8E269B6015003B34BA /* IGFeedPostGeneralTableViewCell.swift */,
			);
			path = "Home Feed";
			sourceTree = "<group>";
		};
		B4991082269A841500165723 /* Cells */ = {
			isa = PBXGroup;
			children = (
				B4936B8D269B5FD4003B34BA /* Home Feed */,
			);
			path = Cells;
			sourceTree = "<group>";
		};
		B4A7731B268E46E100A347E0 /* General */ = {
			isa = PBXGroup;
			children = (
				B43EFE54268CD3710077EC41 /* ListViewController.swift */,
				B43EFE52268CD3590077EC41 /* SearchViewController.swift */,
				B43EFE4C268CD29B0077EC41 /* PostViewController.swift */,
				B43EFE4E268CD2C90077EC41 /* EditProfileViewController.swift */,
				B43EFE50268CD2DA0077EC41 /* SettingsViewController.swift */,
				B43EFE58268CD3DA0077EC41 /* PostEditorViewController.swift */,
				B43EFE56268CD3CA0077EC41 /* PublishPostViewController.swift */,
			);
			path = General;
			sourceTree = "<group>";
		};
		D9F65E3B37AF70E2FB900340 /* Pods */ = {
			isa = PBXGroup;
			children = (
				B122A8874E85644FE9E6A25B /* Pods-InstagramCloneApp.debug.xcconfig */,
				425713C8003FA563CC710866 /* Pods-InstagramCloneApp.release.xcconfig */,
			);
			path = Pods;
			sourceTree = "<group>";
		};
/* End PBXGroup section */

/* Begin PBXNativeTarget section */
		B43EFE1E268CCF060077EC41 /* InstagramCloneApp */ = {
			isa = PBXNativeTarget;
			buildConfigurationList = B43EFE33268CCF060077EC41 /* Build configuration list for PBXNativeTarget "InstagramCloneApp" */;
			buildPhases = (
				C41BB53BB9B2ED7FF12F7FA9 /* [CP] Check Pods Manifest.lock */,
				B43EFE1B268CCF060077EC41 /* Sources */,
				B43EFE1C268CCF060077EC41 /* Frameworks */,
				B43EFE1D268CCF060077EC41 /* Resources */,
				CF88967EA5A75966886261A1 /* [CP] Embed Pods Frameworks */,
			);
			buildRules = (
			);
			dependencies = (
			);
			name = InstagramCloneApp;
			productName = InstagramCloneApp;
			productReference = B43EFE1F268CCF060077EC41 /* InstagramCloneApp.app */;
			productType = "com.apple.product-type.application";
		};
/* End PBXNativeTarget section */

/* Begin PBXProject section */
		B43EFE17268CCF060077EC41 /* Project object */ = {
			isa = PBXProject;
			attributes = {
				LastSwiftUpdateCheck = 1250;
				LastUpgradeCheck = 1250;
				TargetAttributes = {
					B43EFE1E268CCF060077EC41 = {
						CreatedOnToolsVersion = 12.5.1;
					};
				};
			};
			buildConfigurationList = B43EFE1A268CCF060077EC41 /* Build configuration list for PBXProject "InstagramCloneApp" */;
			compatibilityVersion = "Xcode 9.3";
			developmentRegion = en;
			hasScannedForEncodings = 0;
			knownRegions = (
				en,
				Base,
			);
			mainGroup = B43EFE16268CCF060077EC41;
			productRefGroup = B43EFE20268CCF060077EC41 /* Products */;
			projectDirPath = "";
			projectRoot = "";
			targets = (
				B43EFE1E268CCF060077EC41 /* InstagramCloneApp */,
			);
		};
/* End PBXProject section */

/* Begin PBXResourcesBuildPhase section */
		B43EFE1D268CCF060077EC41 /* Resources */ = {
			isa = PBXResourcesBuildPhase;
			buildActionMask = 2147483647;
			files = (
				B43EFE2F268CCF060077EC41 /* LaunchScreen.storyboard in Resources */,
				B409B0AA268E320A0082C593 /* GoogleService-Info.plist in Resources */,
				B43EFE2C268CCF060077EC41 /* Assets.xcassets in Resources */,
				B43EFE2A268CCF060077EC41 /* Main.storyboard in Resources */,
			);
			runOnlyForDeploymentPostprocessing = 0;
		};
/* End PBXResourcesBuildPhase section */

/* Begin PBXShellScriptBuildPhase section */
		C41BB53BB9B2ED7FF12F7FA9 /* [CP] Check Pods Manifest.lock */ = {
			isa = PBXShellScriptBuildPhase;
			buildActionMask = 2147483647;
			files = (
			);
			inputFileListPaths = (
			);
			inputPaths = (
				"${PODS_PODFILE_DIR_PATH}/Podfile.lock",
				"${PODS_ROOT}/Manifest.lock",
			);
			name = "[CP] Check Pods Manifest.lock";
			outputFileListPaths = (
			);
			outputPaths = (
				"$(DERIVED_FILE_DIR)/Pods-InstagramCloneApp-checkManifestLockResult.txt",
			);
			runOnlyForDeploymentPostprocessing = 0;
			shellPath = /bin/sh;
			shellScript = "diff \"${PODS_PODFILE_DIR_PATH}/Podfile.lock\" \"${PODS_ROOT}/Manifest.lock\" > /dev/null\nif [ $? != 0 ] ; then\n    # print error to STDERR\n    echo \"error: The sandbox is not in sync with the Podfile.lock. Run 'pod install' or update your CocoaPods installation.\" >&2\n    exit 1\nfi\n# This output is used by Xcode 'outputs' to avoid re-running this script phase.\necho \"SUCCESS\" > \"${SCRIPT_OUTPUT_FILE_0}\"\n";
			showEnvVarsInLog = 0;
		};
		CF88967EA5A75966886261A1 /* [CP] Embed Pods Frameworks */ = {
			isa = PBXShellScriptBuildPhase;
			buildActionMask = 2147483647;
			files = (
			);
			inputFileListPaths = (
				"${PODS_ROOT}/Target Support Files/Pods-InstagramCloneApp/Pods-InstagramCloneApp-frameworks-${CONFIGURATION}-input-files.xcfilelist",
			);
			name = "[CP] Embed Pods Frameworks";
			outputFileListPaths = (
				"${PODS_ROOT}/Target Support Files/Pods-InstagramCloneApp/Pods-InstagramCloneApp-frameworks-${CONFIGURATION}-output-files.xcfilelist",
			);
			runOnlyForDeploymentPostprocessing = 0;
			shellPath = /bin/sh;
			shellScript = "\"${PODS_ROOT}/Target Support Files/Pods-InstagramCloneApp/Pods-InstagramCloneApp-frameworks.sh\"\n";
			showEnvVarsInLog = 0;
		};
/* End PBXShellScriptBuildPhase section */

/* Begin PBXSourcesBuildPhase section */
		B43EFE1B268CCF060077EC41 /* Sources */ = {
			isa = PBXSourcesBuildPhase;
			buildActionMask = 2147483647;
			files = (
				B4936B8A269B5F88003B34BA /* IGFeedPostHeaderTableViewCell.swift in Sources */,
				B4936B8C269B5FB4003B34BA /* IGFeedPostActionsTableViewCell.swift in Sources */,
				B4936B8F269B6015003B34BA /* IGFeedPostGeneralTableViewCell.swift in Sources */,
				B43EFE4F268CD2C90077EC41 /* EditProfileViewController.swift in Sources */,
				B4A7731F268F6D3700A347E0 /* AuthManager.swift in Sources */,
				B4991084269A844600165723 /* IGPostTableViewCell.swift in Sources */,
				B43EFE3C268CD0C60077EC41 /* ExploreViewController.swift in Sources */,
				B43EFE3E268CD0E60077EC41 /* CameraViewController.swift in Sources */,
				B43EFE27268CCF060077EC41 /* HomeViewController.swift in Sources */,
				B4A7731D268F670200A347E0 /* DatabaseManager.swift in Sources */,
				B43EFE4B268CD25B0077EC41 /* RegistrationViewController.swift in Sources */,
				B43EFE59268CD3DA0077EC41 /* PostEditorViewController.swift in Sources */,
				B43EFE4D268CD29B0077EC41 /* PostViewController.swift in Sources */,
				B4A77321268F6D8900A347E0 /* StorageManager.swift in Sources */,
				B43EFE55268CD3710077EC41 /* ListViewController.swift in Sources */,
				B43EFE40268CD0F80077EC41 /* NotificationsViewController.swift in Sources */,
				B43EFE49268CD24D0077EC41 /* LoginViewController.swift in Sources */,
				B43EFE53268CD3590077EC41 /* SearchViewController.swift in Sources */,
				B43EFE57268CD3CA0077EC41 /* PublishPostViewController.swift in Sources */,
				B418C84426975F53000C8600 /* Extension.swift in Sources */,
				B43EFE42268CD1050077EC41 /* ProfileViewController.swift in Sources */,
				B43EFE23268CCF060077EC41 /* AppDelegate.swift in Sources */,
				B43EFE25268CCF060077EC41 /* SceneDelegate.swift in Sources */,
				B43EFE51268CD2DA0077EC41 /* SettingsViewController.swift in Sources */,
			);
			runOnlyForDeploymentPostprocessing = 0;
		};
/* End PBXSourcesBuildPhase section */

/* Begin PBXVariantGroup section */
		B43EFE28268CCF060077EC41 /* Main.storyboard */ = {
			isa = PBXVariantGroup;
			children = (
				B43EFE29268CCF060077EC41 /* Base */,
			);
			name = Main.storyboard;
			sourceTree = "<group>";
		};
		B43EFE2D268CCF060077EC41 /* LaunchScreen.storyboard */ = {
			isa = PBXVariantGroup;
			children = (
				B43EFE2E268CCF060077EC41 /* Base */,
			);
			name = LaunchScreen.storyboard;
			sourceTree = "<group>";
		};
/* End PBXVariantGroup section */

/* Begin XCBuildConfiguration section */
		B43EFE31268CCF060077EC41 /* Debug */ = {
			isa = XCBuildConfiguration;
			buildSettings = {
				ALWAYS_SEARCH_USER_PATHS = NO;
				CLANG_ANALYZER_NONNULL = YES;
				CLANG_ANALYZER_NUMBER_OBJECT_CONVERSION = YES_AGGRESSIVE;
				CLANG_CXX_LANGUAGE_STANDARD = "gnu++14";
				CLANG_CXX_LIBRARY = "libc++";
				CLANG_ENABLE_MODULES = YES;
				CLANG_ENABLE_OBJC_ARC = YES;
				CLANG_ENABLE_OBJC_WEAK = YES;
				CLANG_WARN_BLOCK_CAPTURE_AUTORELEASING = YES;
				CLANG_WARN_BOOL_CONVERSION = YES;
				CLANG_WARN_COMMA = YES;
				CLANG_WARN_CONSTANT_CONVERSION = YES;
				CLANG_WARN_DEPRECATED_OBJC_IMPLEMENTATIONS = YES;
				CLANG_WARN_DIRECT_OBJC_ISA_USAGE = YES_ERROR;
				CLANG_WARN_DOCUMENTATION_COMMENTS = YES;
				CLANG_WARN_EMPTY_BODY = YES;
				CLANG_WARN_ENUM_CONVERSION = YES;
				CLANG_WARN_INFINITE_RECURSION = YES;
				CLANG_WARN_INT_CONVERSION = YES;
				CLANG_WARN_NON_LITERAL_NULL_CONVERSION = YES;
				CLANG_WARN_OBJC_IMPLICIT_RETAIN_SELF = YES;
				CLANG_WARN_OBJC_LITERAL_CONVERSION = YES;
				CLANG_WARN_OBJC_ROOT_CLASS = YES_ERROR;
				CLANG_WARN_QUOTED_INCLUDE_IN_FRAMEWORK_HEADER = YES;
				CLANG_WARN_RANGE_LOOP_ANALYSIS = YES;
				CLANG_WARN_STRICT_PROTOTYPES = YES;
				CLANG_WARN_SUSPICIOUS_MOVE = YES;
				CLANG_WARN_UNGUARDED_AVAILABILITY = YES_AGGRESSIVE;
				CLANG_WARN_UNREACHABLE_CODE = YES;
				CLANG_WARN__DUPLICATE_METHOD_MATCH = YES;
				COPY_PHASE_STRIP = NO;
				DEBUG_INFORMATION_FORMAT = dwarf;
				ENABLE_STRICT_OBJC_MSGSEND = YES;
				ENABLE_TESTABILITY = YES;
				GCC_C_LANGUAGE_STANDARD = gnu11;
				GCC_DYNAMIC_NO_PIC = NO;
				GCC_NO_COMMON_BLOCKS = YES;
				GCC_OPTIMIZATION_LEVEL = 0;
				GCC_PREPROCESSOR_DEFINITIONS = (
					"DEBUG=1",
					"$(inherited)",
				);
				GCC_WARN_64_TO_32_BIT_CONVERSION = YES;
				GCC_WARN_ABOUT_RETURN_TYPE = YES_ERROR;
				GCC_WARN_UNDECLARED_SELECTOR = YES;
				GCC_WARN_UNINITIALIZED_AUTOS = YES_AGGRESSIVE;
				GCC_WARN_UNUSED_FUNCTION = YES;
				GCC_WARN_UNUSED_VARIABLE = YES;
				IPHONEOS_DEPLOYMENT_TARGET = 14.5;
				MTL_ENABLE_DEBUG_INFO = INCLUDE_SOURCE;
				MTL_FAST_MATH = YES;
				ONLY_ACTIVE_ARCH = YES;
				SDKROOT = iphoneos;
				SWIFT_ACTIVE_COMPILATION_CONDITIONS = DEBUG;
				SWIFT_OPTIMIZATION_LEVEL = "-Onone";
			};
			name = Debug;
		};
		B43EFE32268CCF060077EC41 /* Release */ = {
			isa = XCBuildConfiguration;
			buildSettings = {
				ALWAYS_SEARCH_USER_PATHS = NO;
				CLANG_ANALYZER_NONNULL = YES;
				CLANG_ANALYZER_NUMBER_OBJECT_CONVERSION = YES_AGGRESSIVE;
				CLANG_CXX_LANGUAGE_STANDARD = "gnu++14";
				CLANG_CXX_LIBRARY = "libc++";
				CLANG_ENABLE_MODULES = YES;
				CLANG_ENABLE_OBJC_ARC = YES;
				CLANG_ENABLE_OBJC_WEAK = YES;
				CLANG_WARN_BLOCK_CAPTURE_AUTORELEASING = YES;
				CLANG_WARN_BOOL_CONVERSION = YES;
				CLANG_WARN_COMMA = YES;
				CLANG_WARN_CONSTANT_CONVERSION = YES;
				CLANG_WARN_DEPRECATED_OBJC_IMPLEMENTATIONS = YES;
				CLANG_WARN_DIRECT_OBJC_ISA_USAGE = YES_ERROR;
				CLANG_WARN_DOCUMENTATION_COMMENTS = YES;
				CLANG_WARN_EMPTY_BODY = YES;
				CLANG_WARN_ENUM_CONVERSION = YES;
				CLANG_WARN_INFINITE_RECURSION = YES;
				CLANG_WARN_INT_CONVERSION = YES;
				CLANG_WARN_NON_LITERAL_NULL_CONVERSION = YES;
				CLANG_WARN_OBJC_IMPLICIT_RETAIN_SELF = YES;
				CLANG_WARN_OBJC_LITERAL_CONVERSION = YES;
				CLANG_WARN_OBJC_ROOT_CLASS = YES_ERROR;
				CLANG_WARN_QUOTED_INCLUDE_IN_FRAMEWORK_HEADER = YES;
				CLANG_WARN_RANGE_LOOP_ANALYSIS = YES;
				CLANG_WARN_STRICT_PROTOTYPES = YES;
				CLANG_WARN_SUSPICIOUS_MOVE = YES;
				CLANG_WARN_UNGUARDED_AVAILABILITY = YES_AGGRESSIVE;
				CLANG_WARN_UNREACHABLE_CODE = YES;
				CLANG_WARN__DUPLICATE_METHOD_MATCH = YES;
				COPY_PHASE_STRIP = NO;
				DEBUG_INFORMATION_FORMAT = "dwarf-with-dsym";
				ENABLE_NS_ASSERTIONS = NO;
				ENABLE_STRICT_OBJC_MSGSEND = YES;
				GCC_C_LANGUAGE_STANDARD = gnu11;
				GCC_NO_COMMON_BLOCKS = YES;
				GCC_WARN_64_TO_32_BIT_CONVERSION = YES;
				GCC_WARN_ABOUT_RETURN_TYPE = YES_ERROR;
				GCC_WARN_UNDECLARED_SELECTOR = YES;
				GCC_WARN_UNINITIALIZED_AUTOS = YES_AGGRESSIVE;
				GCC_WARN_UNUSED_FUNCTION = YES;
				GCC_WARN_UNUSED_VARIABLE = YES;
				IPHONEOS_DEPLOYMENT_TARGET = 14.5;
				MTL_ENABLE_DEBUG_INFO = NO;
				MTL_FAST_MATH = YES;
				SDKROOT = iphoneos;
				SWIFT_COMPILATION_MODE = wholemodule;
				SWIFT_OPTIMIZATION_LEVEL = "-O";
				VALIDATE_PRODUCT = YES;
			};
			name = Release;
		};
		B43EFE34268CCF060077EC41 /* Debug */ = {
			isa = XCBuildConfiguration;
			baseConfigurationReference = B122A8874E85644FE9E6A25B /* Pods-InstagramCloneApp.debug.xcconfig */;
			buildSettings = {
				ALWAYS_EMBED_SWIFT_STANDARD_LIBRARIES = "$(inherited)";
				ASSETCATALOG_COMPILER_APPICON_NAME = AppIcon;
				ASSETCATALOG_COMPILER_GLOBAL_ACCENT_COLOR_NAME = AccentColor;
				CODE_SIGN_STYLE = Automatic;
				DEVELOPMENT_TEAM = J4FD8R5LT4;
				INFOPLIST_FILE = InstagramCloneApp/Info.plist;
				LD_RUNPATH_SEARCH_PATHS = (
					"$(inherited)",
					"@executable_path/Frameworks",
				);
				OTHER_LDFLAGS = "$(inherited)";
				PRODUCT_BUNDLE_IDENTIFIER = myapp.InstagramCloneApp;
				PRODUCT_NAME = "$(TARGET_NAME)";
				SWIFT_VERSION = 5.0;
				TARGETED_DEVICE_FAMILY = "1,2";
			};
			name = Debug;
		};
		B43EFE35268CCF060077EC41 /* Release */ = {
			isa = XCBuildConfiguration;
			baseConfigurationReference = 425713C8003FA563CC710866 /* Pods-InstagramCloneApp.release.xcconfig */;
			buildSettings = {
				ALWAYS_EMBED_SWIFT_STANDARD_LIBRARIES = "$(inherited)";
				ASSETCATALOG_COMPILER_APPICON_NAME = AppIcon;
				ASSETCATALOG_COMPILER_GLOBAL_ACCENT_COLOR_NAME = AccentColor;
				CODE_SIGN_STYLE = Automatic;
				DEVELOPMENT_TEAM = J4FD8R5LT4;
				INFOPLIST_FILE = InstagramCloneApp/Info.plist;
				LD_RUNPATH_SEARCH_PATHS = (
					"$(inherited)",
					"@executable_path/Frameworks",
				);
				OTHER_LDFLAGS = "$(inherited)";
				"OTHER_LDFLAGS[arch=*]" = (
					"$(inherited)",
					"-l\"c++\"",
					"-l\"icucore\"",
					"-l\"sqlite3\"",
					"-l\"z\"",
					"-framework",
					"\"Appirater\"",
					"-framework",
					"\"CFNetwork\"",
					"-framework",
					"\"CoreTelephony\"",
					"-framework",
					"\"FBLPromises\"",
					"-framework",
					"\"FirebaseAnalytics\"",
					"-framework",
					"\"FirebaseAuth\"",
					"-framework",
					"\"FirebaseCore\"",
					"-framework",
					"\"FirebaseCoreDiagnostics\"",
					"-framework",
					"\"FirebaseCrashlytics\"",
					"-framework",
					"\"FirebaseDatabase\"",
					"-framework",
					"\"FirebaseInstallations\"",
					"-framework",
					"\"Foundation\"",
					"-framework",
					"\"GTMSessionFetcher\"",
					"-framework",
					"\"GoogleAppMeasurement\"",
					"-framework",
					"\"GoogleDataTransport\"",
					"-framework",
					"\"GoogleUtilities\"",
					"-framework",
					"\"SafariServices\"",
					"-framework",
					"\"Security\"",
					"-framework",
					"\"StoreKit\"",
					"-framework",
					"\"SystemConfiguration\"",
					"-framework",
					"\"UIKit\"",
					"-framework",
					"\"leveldb\"",
					"-framework",
					"\"nanopb\"",
					"-weak_framework",
					"\"StoreKit\"",
				);
				PRODUCT_BUNDLE_IDENTIFIER = myapp.InstagramCloneApp;
				PRODUCT_NAME = "$(TARGET_NAME)";
				SWIFT_VERSION = 5.0;
				TARGETED_DEVICE_FAMILY = "1,2";
			};
			name = Release;
		};
/* End XCBuildConfiguration section */

/* Begin XCConfigurationList section */
		B43EFE1A268CCF060077EC41 /* Build configuration list for PBXProject "InstagramCloneApp" */ = {
			isa = XCConfigurationList;
			buildConfigurations = (
				B43EFE31268CCF060077EC41 /* Debug */,
				B43EFE32268CCF060077EC41 /* Release */,
			);
			defaultConfigurationIsVisible = 0;
			defaultConfigurationName = Release;
		};
		B43EFE33268CCF060077EC41 /* Build configuration list for PBXNativeTarget "InstagramCloneApp" */ = {
			isa = XCConfigurationList;
			buildConfigurations = (
				B43EFE34268CCF060077EC41 /* Debug */,
				B43EFE35268CCF060077EC41 /* Release */,
			);
			defaultConfigurationIsVisible = 0;
			defaultConfigurationName = Release;
		};
/* End XCConfigurationList section */
	};
	rootObject = B43EFE17268CCF060077EC41 /* Project object */;
}
