// !$*UTF8*$!
{
	archiveVersion = 1;
	classes = {
	};
	objectVersion = 50;
	objects = {

/* Begin PBXBuildFile section */
		B43EFE23268CCF060077EC41 /* AppDelegate.swift in Sources */ = {isa = PBXBuildFile; fileRef = B43EFE22268CCF060077EC41 /* AppDelegate.swift */; };
		B43EFE25268CCF060077EC41 /* SceneDelegate.swift in Sources */ = {isa = PBXBuildFile; fileRef = B43EFE24268CCF060077EC41 /* SceneDelegate.swift */; };
		B43EFE27268CCF060077EC41 /* HomeViewController.swift in Sources */ = {isa = PBXBuildFile; fileRef = B43EFE26268CCF060077EC41 /* HomeViewController.swift */; };
		B43EFE2A268CCF060077EC41 /* Main.storyboard in Resources */ = {isa = PBXBuildFile; fileRef = B43EFE28268CCF060077EC41 /* Main.storyboard */; };
		B43EFE2C268CCF060077EC41 /* Assets.xcassets in Resources */ = {isa = PBXBuildFile; fileRef = B43EFE2B268CCF060077EC41 /* Assets.xcassets */; };
		B43EFE2F268CCF060077EC41 /* LaunchScreen.storyboard in Resources */ = {isa = PBXBuildFile; fileRef = B43EFE2D268CCF060077EC41 /* LaunchScreen.storyboard */; };
		B43EFE3C268CD0C60077EC41 /* ExploreViewController.swift in Sources */ = {isa = PBXBuildFile; fileRef = B43EFE3B268CD0C60077EC41 /* ExploreViewController.swift */; };
		B43EFE3E268CD0E60077EC41 /* CameraViewController.swift in Sources */ = {isa = PBXBuildFile; fileRef = B43EFE3D268CD0E60077EC41 /* CameraViewController.swift */; };
		B43EFE40268CD0F80077EC41 /* NotificationsViewController.swift in Sources */ = {isa = PBXBuildFile; fileRef = B43EFE3F268CD0F80077EC41 /* NotificationsViewController.swift */; };
		B43EFE42268CD1050077EC41 /* ProfileViewController.swift in Sources */ = {isa = PBXBuildFile; fileRef = B43EFE41268CD1050077EC41 /* ProfileViewController.swift */; };
		B43EFE49268CD24D0077EC41 /* LoginViewController.swift in Sources */ = {isa = PBXBuildFile; fileRef = B43EFE48268CD24D0077EC41 /* LoginViewController.swift */; };
		B43EFE4B268CD25B0077EC41 /* RegistrationViewController.swift in Sources */ = {isa = PBXBuildFile; fileRef = B43EFE4A268CD25B0077EC41 /* RegistrationViewController.swift */; };
		B43EFE4D268CD29B0077EC41 /* PostViewController.swift in Sources */ = {isa = PBXBuildFile; fileRef = B43EFE4C268CD29B0077EC41 /* PostViewController.swift */; };
		B43EFE4F268CD2C90077EC41 /* EditProfileViewController.swift in Sources */ = {isa = PBXBuildFile; fileRef = B43EFE4E268CD2C90077EC41 /* EditProfileViewController.swift */; };
		B43EFE51268CD2DA0077EC41 /* SettingsViewController.swift in Sources */ = {isa = PBXBuildFile; fileRef = B43EFE50268CD2DA0077EC41 /* SettingsViewController.swift */; };
		B43EFE53268CD3590077EC41 /* SearchViewController.swift in Sources */ = {isa = PBXBuildFile; fileRef = B43EFE52268CD3590077EC41 /* SearchViewController.swift */; };
		B43EFE55268CD3710077EC41 /* ListViewController.swift in Sources */ = {isa = PBXBuildFile; fileRef = B43EFE54268CD3710077EC41 /* ListViewController.swift */; };
		B43EFE57268CD3CA0077EC41 /* PublishPostViewController.swift in Sources */ = {isa = PBXBuildFile; fileRef = B43EFE56268CD3CA0077EC41 /* PublishPostViewController.swift */; };
		B43EFE59268CD3DA0077EC41 /* PostEditorViewController.swift in Sources */ = {isa = PBXBuildFile; fileRef = B43EFE58268CD3DA0077EC41 /* PostEditorViewController.swift */; };
/* End PBXBuildFile section */

/* Begin PBXFileReference section */
		B43EFE1F268CCF060077EC41 /* InstagramCloneApp.app */ = {isa = PBXFileReference; explicitFileType = wrapper.application; includeInIndex = 0; path = InstagramCloneApp.app; sourceTree = BUILT_PRODUCTS_DIR; };
		B43EFE22268CCF060077EC41 /* AppDelegate.swift */ = {isa = PBXFileReference; lastKnownFileType = sourcecode.swift; path = AppDelegate.swift; sourceTree = "<group>"; };
		B43EFE24268CCF060077EC41 /* SceneDelegate.swift */ = {isa = PBXFileReference; lastKnownFileType = sourcecode.swift; path = SceneDelegate.swift; sourceTree = "<group>"; };
		B43EFE26268CCF060077EC41 /* HomeViewController.swift */ = {isa = PBXFileReference; lastKnownFileType = sourcecode.swift; path = HomeViewController.swift; sourceTree = "<group>"; };
		B43EFE29268CCF060077EC41 /* Base */ = {isa = PBXFileReference; lastKnownFileType = file.storyboard; name = Base; path = Base.lproj/Main.storyboard; sourceTree = "<group>"; };
		B43EFE2B268CCF060077EC41 /* Assets.xcassets */ = {isa = PBXFileReference; lastKnownFileType = folder.assetcatalog; path = Assets.xcassets; sourceTree = "<group>"; };
		B43EFE2E268CCF060077EC41 /* Base */ = {isa = PBXFileReference; lastKnownFileType = file.storyboard; name = Base; path = Base.lproj/LaunchScreen.storyboard; sourceTree = "<group>"; };
		B43EFE30268CCF060077EC41 /* Info.plist */ = {isa = PBXFileReference; lastKnownFileType = text.plist.xml; path = Info.plist; sourceTree = "<group>"; };
		B43EFE3B268CD0C60077EC41 /* ExploreViewController.swift */ = {isa = PBXFileReference; lastKnownFileType = sourcecode.swift; path = ExploreViewController.swift; sourceTree = "<group>"; };
		B43EFE3D268CD0E60077EC41 /* CameraViewController.swift */ = {isa = PBXFileReference; lastKnownFileType = sourcecode.swift; path = CameraViewController.swift; sourceTree = "<group>"; };
		B43EFE3F268CD0F80077EC41 /* NotificationsViewController.swift */ = {isa = PBXFileReference; lastKnownFileType = sourcecode.swift; path = NotificationsViewController.swift; sourceTree = "<group>"; };
		B43EFE41268CD1050077EC41 /* ProfileViewController.swift */ = {isa = PBXFileReference; lastKnownFileType = sourcecode.swift; path = ProfileViewController.swift; sourceTree = "<group>"; };
		B43EFE48268CD24D0077EC41 /* LoginViewController.swift */ = {isa = PBXFileReference; lastKnownFileType = sourcecode.swift; path = LoginViewController.swift; sourceTree = "<group>"; };
		B43EFE4A268CD25B0077EC41 /* RegistrationViewController.swift */ = {isa = PBXFileReference; lastKnownFileType = sourcecode.swift; path = RegistrationViewController.swift; sourceTree = "<group>"; };
		B43EFE4C268CD29B0077EC41 /* PostViewController.swift */ = {isa = PBXFileReference; lastKnownFileType = sourcecode.swift; path = PostViewController.swift; sourceTree = "<group>"; };
		B43EFE4E268CD2C90077EC41 /* EditProfileViewController.swift */ = {isa = PBXFileReference; lastKnownFileType = sourcecode.swift; path = EditProfileViewController.swift; sourceTree = "<group>"; };
		B43EFE50268CD2DA0077EC41 /* SettingsViewController.swift */ = {isa = PBXFileReference; lastKnownFileType = sourcecode.swift; path = SettingsViewController.swift; sourceTree = "<group>"; };
		B43EFE52268CD3590077EC41 /* SearchViewController.swift */ = {isa = PBXFileReference; lastKnownFileType = sourcecode.swift; path = SearchViewController.swift; sourceTree = "<group>"; };
		B43EFE54268CD3710077EC41 /* ListViewController.swift */ = {isa = PBXFileReference; lastKnownFileType = sourcecode.swift; path = ListViewController.swift; sourceTree = "<group>"; };
		B43EFE56268CD3CA0077EC41 /* PublishPostViewController.swift */ = {isa = PBXFileReference; lastKnownFileType = sourcecode.swift; path = PublishPostViewController.swift; sourceTree = "<group>"; };
		B43EFE58268CD3DA0077EC41 /* PostEditorViewController.swift */ = {isa = PBXFileReference; lastKnownFileType = sourcecode.swift; path = PostEditorViewController.swift; sourceTree = "<group>"; };
/* End PBXFileReference section */

/* Begin PBXFrameworksBuildPhase section */
		B43EFE1C268CCF060077EC41 /* Frameworks */ = {
			isa = PBXFrameworksBuildPhase;
			buildActionMask = 2147483647;
			files = (
			);
			runOnlyForDeploymentPostprocessing = 0;
		};
/* End PBXFrameworksBuildPhase section */

/* Begin PBXGroup section */
		B43EFE16268CCF060077EC41 = {
			isa = PBXGroup;
			children = (
				B43EFE21268CCF060077EC41 /* InstagramCloneApp */,
				B43EFE20268CCF060077EC41 /* Products */,
			);
			sourceTree = "<group>";
		};
		B43EFE20268CCF060077EC41 /* Products */ = {
			isa = PBXGroup;
			children = (
				B43EFE1F268CCF060077EC41 /* InstagramCloneApp.app */,
			);
			name = Products;
			sourceTree = "<group>";
		};
		B43EFE21268CCF060077EC41 /* InstagramCloneApp */ = {
			isa = PBXGroup;
			children = (
				B43EFE36268CCF930077EC41 /* Models */,
				B43EFE37268CCF9C0077EC41 /* Views */,
				B43EFE38268CCFAC0077EC41 /* Controllers */,
				B43EFE39268CCFB80077EC41 /* Resources */,
				B43EFE30268CCF060077EC41 /* Info.plist */,
			);
			path = InstagramCloneApp;
			sourceTree = "<group>";
		};
		B43EFE36268CCF930077EC41 /* Models */ = {
			isa = PBXGroup;
			children = (
			);
			path = Models;
			sourceTree = "<group>";
		};
		B43EFE37268CCF9C0077EC41 /* Views */ = {
			isa = PBXGroup;
			children = (
				B43EFE2B268CCF060077EC41 /* Assets.xcassets */,
				B43EFE3A268CCFFF0077EC41 /* Storyboards */,
			);
			path = Views;
			sourceTree = "<group>";
		};
		B43EFE38268CCFAC0077EC41 /* Controllers */ = {
			isa = PBXGroup;
			children = (
				B43EFE46268CD2200077EC41 /* Other */,
				B43EFE43268CD1A20077EC41 /* Core Tabs */,
			);
			path = Controllers;
			sourceTree = "<group>";
		};
		B43EFE39268CCFB80077EC41 /* Resources */ = {
			isa = PBXGroup;
			children = (
				B43EFE22268CCF060077EC41 /* AppDelegate.swift */,
				B43EFE24268CCF060077EC41 /* SceneDelegate.swift */,
			);
			path = Resources;
			sourceTree = "<group>";
		};
		B43EFE3A268CCFFF0077EC41 /* Storyboards */ = {
			isa = PBXGroup;
			children = (
				B43EFE2D268CCF060077EC41 /* LaunchScreen.storyboard */,
				B43EFE28268CCF060077EC41 /* Main.storyboard */,
			);
			path = Storyboards;
			sourceTree = "<group>";
		};
		B43EFE43268CD1A20077EC41 /* Core Tabs */ = {
			isa = PBXGroup;
			children = (
				B43EFE26268CCF060077EC41 /* HomeViewController.swift */,
				B43EFE3B268CD0C60077EC41 /* ExploreViewController.swift */,
				B43EFE3D268CD0E60077EC41 /* CameraViewController.swift */,
				B43EFE3F268CD0F80077EC41 /* NotificationsViewController.swift */,
				B43EFE41268CD1050077EC41 /* ProfileViewController.swift */,
			);
			path = "Core Tabs";
			sourceTree = "<group>";
		};
		B43EFE46268CD2200077EC41 /* Other */ = {
			isa = PBXGroup;
			children = (
				B43EFE47268CD2330077EC41 /* Onboarding */,
				B43EFE48268CD24D0077EC41 /* LoginViewController.swift */,
				B43EFE58268CD3DA0077EC41 /* PostEditorViewController.swift */,
				B43EFE56268CD3CA0077EC41 /* PublishPostViewController.swift */,
				B43EFE54268CD3710077EC41 /* ListViewController.swift */,
				B43EFE52268CD3590077EC41 /* SearchViewController.swift */,
				B43EFE4A268CD25B0077EC41 /* RegistrationViewController.swift */,
				B43EFE4C268CD29B0077EC41 /* PostViewController.swift */,
				B43EFE4E268CD2C90077EC41 /* EditProfileViewController.swift */,
				B43EFE50268CD2DA0077EC41 /* SettingsViewController.swift */,
			);
			path = Other;
			sourceTree = "<group>";
		};
		B43EFE47268CD2330077EC41 /* Onboarding */ = {
			isa = PBXGroup;
			children = (
			);
			path = Onboarding;
			sourceTree = "<group>";
		};
/* End PBXGroup section */

/* Begin PBXNativeTarget section */
		B43EFE1E268CCF060077EC41 /* InstagramCloneApp */ = {
			isa = PBXNativeTarget;
			buildConfigurationList = B43EFE33268CCF060077EC41 /* Build configuration list for PBXNativeTarget "InstagramCloneApp" */;
			buildPhases = (
				B43EFE1B268CCF060077EC41 /* Sources */,
				B43EFE1C268CCF060077EC41 /* Frameworks */,
				B43EFE1D268CCF060077EC41 /* Resources */,
			);
			buildRules = (
			);
			dependencies = (
			);
			name = InstagramCloneApp;
			productName = InstagramCloneApp;
			productReference = B43EFE1F268CCF060077EC41 /* InstagramCloneApp.app */;
			productType = "com.apple.product-type.application";
		};
/* End PBXNativeTarget section */

/* Begin PBXProject section */
		B43EFE17268CCF060077EC41 /* Project object */ = {
			isa = PBXProject;
			attributes = {
				LastSwiftUpdateCheck = 1250;
				LastUpgradeCheck = 1250;
				TargetAttributes = {
					B43EFE1E268CCF060077EC41 = {
						CreatedOnToolsVersion = 12.5.1;
					};
				};
			};
			buildConfigurationList = B43EFE1A268CCF060077EC41 /* Build configuration list for PBXProject "InstagramCloneApp" */;
			compatibilityVersion = "Xcode 9.3";
			developmentRegion = en;
			hasScannedForEncodings = 0;
			knownRegions = (
				en,
				Base,
			);
			mainGroup = B43EFE16268CCF060077EC41;
			productRefGroup = B43EFE20268CCF060077EC41 /* Products */;
			projectDirPath = "";
			projectRoot = "";
			targets = (
				B43EFE1E268CCF060077EC41 /* InstagramCloneApp */,
			);
		};
/* End PBXProject section */

/* Begin PBXResourcesBuildPhase section */
		B43EFE1D268CCF060077EC41 /* Resources */ = {
			isa = PBXResourcesBuildPhase;
			buildActionMask = 2147483647;
			files = (
				B43EFE2F268CCF060077EC41 /* LaunchScreen.storyboard in Resources */,
				B43EFE2C268CCF060077EC41 /* Assets.xcassets in Resources */,
				B43EFE2A268CCF060077EC41 /* Main.storyboard in Resources */,
			);
			runOnlyForDeploymentPostprocessing = 0;
		};
/* End PBXResourcesBuildPhase section */

/* Begin PBXSourcesBuildPhase section */
		B43EFE1B268CCF060077EC41 /* Sources */ = {
			isa = PBXSourcesBuildPhase;
			buildActionMask = 2147483647;
			files = (
				B43EFE4F268CD2C90077EC41 /* EditProfileViewController.swift in Sources */,
				B43EFE3C268CD0C60077EC41 /* ExploreViewController.swift in Sources */,
				B43EFE3E268CD0E60077EC41 /* CameraViewController.swift in Sources */,
				B43EFE27268CCF060077EC41 /* HomeViewController.swift in Sources */,
				B43EFE4B268CD25B0077EC41 /* RegistrationViewController.swift in Sources */,
				B43EFE59268CD3DA0077EC41 /* PostEditorViewController.swift in Sources */,
				B43EFE4D268CD29B0077EC41 /* PostViewController.swift in Sources */,
				B43EFE55268CD3710077EC41 /* ListViewController.swift in Sources */,
				B43EFE40268CD0F80077EC41 /* NotificationsViewController.swift in Sources */,
				B43EFE49268CD24D0077EC41 /* LoginViewController.swift in Sources */,
				B43EFE53268CD3590077EC41 /* SearchViewController.swift in Sources */,
				B43EFE57268CD3CA0077EC41 /* PublishPostViewController.swift in Sources */,
				B43EFE42268CD1050077EC41 /* ProfileViewController.swift in Sources */,
				B43EFE23268CCF060077EC41 /* AppDelegate.swift in Sources */,
				B43EFE25268CCF060077EC41 /* SceneDelegate.swift in Sources */,
				B43EFE51268CD2DA0077EC41 /* SettingsViewController.swift in Sources */,
			);
			runOnlyForDeploymentPostprocessing = 0;
		};
/* End PBXSourcesBuildPhase section */

/* Begin PBXVariantGroup section */
		B43EFE28268CCF060077EC41 /* Main.storyboard */ = {
			isa = PBXVariantGroup;
			children = (
				B43EFE29268CCF060077EC41 /* Base */,
			);
			name = Main.storyboard;
			sourceTree = "<group>";
		};
		B43EFE2D268CCF060077EC41 /* LaunchScreen.storyboard */ = {
			isa = PBXVariantGroup;
			children = (
				B43EFE2E268CCF060077EC41 /* Base */,
			);
			name = LaunchScreen.storyboard;
			sourceTree = "<group>";
		};
/* End PBXVariantGroup section */

/* Begin XCBuildConfiguration section */
		B43EFE31268CCF060077EC41 /* Debug */ = {
			isa = XCBuildConfiguration;
			buildSettings = {
				ALWAYS_SEARCH_USER_PATHS = NO;
				CLANG_ANALYZER_NONNULL = YES;
				CLANG_ANALYZER_NUMBER_OBJECT_CONVERSION = YES_AGGRESSIVE;
				CLANG_CXX_LANGUAGE_STANDARD = "gnu++14";
				CLANG_CXX_LIBRARY = "libc++";
				CLANG_ENABLE_MODULES = YES;
				CLANG_ENABLE_OBJC_ARC = YES;
				CLANG_ENABLE_OBJC_WEAK = YES;
				CLANG_WARN_BLOCK_CAPTURE_AUTORELEASING = YES;
				CLANG_WARN_BOOL_CONVERSION = YES;
				CLANG_WARN_COMMA = YES;
				CLANG_WARN_CONSTANT_CONVERSION = YES;
				CLANG_WARN_DEPRECATED_OBJC_IMPLEMENTATIONS = YES;
				CLANG_WARN_DIRECT_OBJC_ISA_USAGE = YES_ERROR;
				CLANG_WARN_DOCUMENTATION_COMMENTS = YES;
				CLANG_WARN_EMPTY_BODY = YES;
				CLANG_WARN_ENUM_CONVERSION = YES;
				CLANG_WARN_INFINITE_RECURSION = YES;
				CLANG_WARN_INT_CONVERSION = YES;
				CLANG_WARN_NON_LITERAL_NULL_CONVERSION = YES;
				CLANG_WARN_OBJC_IMPLICIT_RETAIN_SELF = YES;
				CLANG_WARN_OBJC_LITERAL_CONVERSION = YES;
				CLANG_WARN_OBJC_ROOT_CLASS = YES_ERROR;
				CLANG_WARN_QUOTED_INCLUDE_IN_FRAMEWORK_HEADER = YES;
				CLANG_WARN_RANGE_LOOP_ANALYSIS = YES;
				CLANG_WARN_STRICT_PROTOTYPES = YES;
				CLANG_WARN_SUSPICIOUS_MOVE = YES;
				CLANG_WARN_UNGUARDED_AVAILABILITY = YES_AGGRESSIVE;
				CLANG_WARN_UNREACHABLE_CODE = YES;
				CLANG_WARN__DUPLICATE_METHOD_MATCH = YES;
				COPY_PHASE_STRIP = NO;
				DEBUG_INFORMATION_FORMAT = dwarf;
				ENABLE_STRICT_OBJC_MSGSEND = YES;
				ENABLE_TESTABILITY = YES;
				GCC_C_LANGUAGE_STANDARD = gnu11;
				GCC_DYNAMIC_NO_PIC = NO;
				GCC_NO_COMMON_BLOCKS = YES;
				GCC_OPTIMIZATION_LEVEL = 0;
				GCC_PREPROCESSOR_DEFINITIONS = (
					"DEBUG=1",
					"$(inherited)",
				);
				GCC_WARN_64_TO_32_BIT_CONVERSION = YES;
				GCC_WARN_ABOUT_RETURN_TYPE = YES_ERROR;
				GCC_WARN_UNDECLARED_SELECTOR = YES;
				GCC_WARN_UNINITIALIZED_AUTOS = YES_AGGRESSIVE;
				GCC_WARN_UNUSED_FUNCTION = YES;
				GCC_WARN_UNUSED_VARIABLE = YES;
				IPHONEOS_DEPLOYMENT_TARGET = 14.5;
				MTL_ENABLE_DEBUG_INFO = INCLUDE_SOURCE;
				MTL_FAST_MATH = YES;
				ONLY_ACTIVE_ARCH = YES;
				SDKROOT = iphoneos;
				SWIFT_ACTIVE_COMPILATION_CONDITIONS = DEBUG;
				SWIFT_OPTIMIZATION_LEVEL = "-Onone";
			};
			name = Debug;
		};
		B43EFE32268CCF060077EC41 /* Release */ = {
			isa = XCBuildConfiguration;
			buildSettings = {
				ALWAYS_SEARCH_USER_PATHS = NO;
				CLANG_ANALYZER_NONNULL = YES;
				CLANG_ANALYZER_NUMBER_OBJECT_CONVERSION = YES_AGGRESSIVE;
				CLANG_CXX_LANGUAGE_STANDARD = "gnu++14";
				CLANG_CXX_LIBRARY = "libc++";
				CLANG_ENABLE_MODULES = YES;
				CLANG_ENABLE_OBJC_ARC = YES;
				CLANG_ENABLE_OBJC_WEAK = YES;
				CLANG_WARN_BLOCK_CAPTURE_AUTORELEASING = YES;
				CLANG_WARN_BOOL_CONVERSION = YES;
				CLANG_WARN_COMMA = YES;
				CLANG_WARN_CONSTANT_CONVERSION = YES;
				CLANG_WARN_DEPRECATED_OBJC_IMPLEMENTATIONS = YES;
				CLANG_WARN_DIRECT_OBJC_ISA_USAGE = YES_ERROR;
				CLANG_WARN_DOCUMENTATION_COMMENTS = YES;
				CLANG_WARN_EMPTY_BODY = YES;
				CLANG_WARN_ENUM_CONVERSION = YES;
				CLANG_WARN_INFINITE_RECURSION = YES;
				CLANG_WARN_INT_CONVERSION = YES;
				CLANG_WARN_NON_LITERAL_NULL_CONVERSION = YES;
				CLANG_WARN_OBJC_IMPLICIT_RETAIN_SELF = YES;
				CLANG_WARN_OBJC_LITERAL_CONVERSION = YES;
				CLANG_WARN_OBJC_ROOT_CLASS = YES_ERROR;
				CLANG_WARN_QUOTED_INCLUDE_IN_FRAMEWORK_HEADER = YES;
				CLANG_WARN_RANGE_LOOP_ANALYSIS = YES;
				CLANG_WARN_STRICT_PROTOTYPES = YES;
				CLANG_WARN_SUSPICIOUS_MOVE = YES;
				CLANG_WARN_UNGUARDED_AVAILABILITY = YES_AGGRESSIVE;
				CLANG_WARN_UNREACHABLE_CODE = YES;
				CLANG_WARN__DUPLICATE_METHOD_MATCH = YES;
				COPY_PHASE_STRIP = NO;
				DEBUG_INFORMATION_FORMAT = "dwarf-with-dsym";
				ENABLE_NS_ASSERTIONS = NO;
				ENABLE_STRICT_OBJC_MSGSEND = YES;
				GCC_C_LANGUAGE_STANDARD = gnu11;
				GCC_NO_COMMON_BLOCKS = YES;
				GCC_WARN_64_TO_32_BIT_CONVERSION = YES;
				GCC_WARN_ABOUT_RETURN_TYPE = YES_ERROR;
				GCC_WARN_UNDECLARED_SELECTOR = YES;
				GCC_WARN_UNINITIALIZED_AUTOS = YES_AGGRESSIVE;
				GCC_WARN_UNUSED_FUNCTION = YES;
				GCC_WARN_UNUSED_VARIABLE = YES;
				IPHONEOS_DEPLOYMENT_TARGET = 14.5;
				MTL_ENABLE_DEBUG_INFO = NO;
				MTL_FAST_MATH = YES;
				SDKROOT = iphoneos;
				SWIFT_COMPILATION_MODE = wholemodule;
				SWIFT_OPTIMIZATION_LEVEL = "-O";
				VALIDATE_PRODUCT = YES;
			};
			name = Release;
		};
		B43EFE34268CCF060077EC41 /* Debug */ = {
			isa = XCBuildConfiguration;
			buildSettings = {
				ASSETCATALOG_COMPILER_APPICON_NAME = AppIcon;
				ASSETCATALOG_COMPILER_GLOBAL_ACCENT_COLOR_NAME = AccentColor;
				CODE_SIGN_STYLE = Automatic;
				INFOPLIST_FILE = InstagramCloneApp/Info.plist;
				LD_RUNPATH_SEARCH_PATHS = (
					"$(inherited)",
					"@executable_path/Frameworks",
				);
				PRODUCT_BUNDLE_IDENTIFIER = sampleapp.InstagramCloneApp;
				PRODUCT_NAME = "$(TARGET_NAME)";
				SWIFT_VERSION = 5.0;
				TARGETED_DEVICE_FAMILY = "1,2";
			};
			name = Debug;
		};
		B43EFE35268CCF060077EC41 /* Release */ = {
			isa = XCBuildConfiguration;
			buildSettings = {
				ASSETCATALOG_COMPILER_APPICON_NAME = AppIcon;
				ASSETCATALOG_COMPILER_GLOBAL_ACCENT_COLOR_NAME = AccentColor;
				CODE_SIGN_STYLE = Automatic;
				INFOPLIST_FILE = InstagramCloneApp/Info.plist;
				LD_RUNPATH_SEARCH_PATHS = (
					"$(inherited)",
					"@executable_path/Frameworks",
				);
				PRODUCT_BUNDLE_IDENTIFIER = sampleapp.InstagramCloneApp;
				PRODUCT_NAME = "$(TARGET_NAME)";
				SWIFT_VERSION = 5.0;
				TARGETED_DEVICE_FAMILY = "1,2";
			};
			name = Release;
		};
/* End XCBuildConfiguration section */

/* Begin XCConfigurationList section */
		B43EFE1A268CCF060077EC41 /* Build configuration list for PBXProject "InstagramCloneApp" */ = {
			isa = XCConfigurationList;
			buildConfigurations = (
				B43EFE31268CCF060077EC41 /* Debug */,
				B43EFE32268CCF060077EC41 /* Release */,
			);
			defaultConfigurationIsVisible = 0;
			defaultConfigurationName = Release;
		};
		B43EFE33268CCF060077EC41 /* Build configuration list for PBXNativeTarget "InstagramCloneApp" */ = {
			isa = XCConfigurationList;
			buildConfigurations = (
				B43EFE34268CCF060077EC41 /* Debug */,
				B43EFE35268CCF060077EC41 /* Release */,
			);
			defaultConfigurationIsVisible = 0;
			defaultConfigurationName = Release;
		};
/* End XCConfigurationList section */
	};
	rootObject = B43EFE17268CCF060077EC41 /* Project object */;
}
